
Microsoft Visual Studio Solution File, Format Version 12.00
# Visual Studio Version 16
VisualStudioVersion = 16.0.29519.181
MinimumVisualStudioVersion = 10.0.40219.1
Project("{FAE04EC0-301F-11D3-BF4B-00C04F79EFBC}") = "CevapAnahtari", "CevapAnahtari\CevapAnahtari.csproj", "{A502578E-3695-4E86-9D15-35757A0290B0}"
EndProject
Global
	GlobalSection(SolutionConfigurationPlatforms) = preSolution
		Debug|Any CPU = Debug|Any CPU
		Release|Any CPU = Release|Any CPU
	EndGlobalSection
	GlobalSection(ProjectConfigurationPlatforms) = postSolution
		{A502578E-3695-4E86-9D15-35757A0290B0}.Debug|Any CPU.ActiveCfg = Debug|Any CPU
		{A502578E-3695-4E86-9D15-35757A0290B0}.Debug|Any CPU.Build.0 = Debug|Any CPU
		{A502578E-3695-4E86-9D15-35757A0290B0}.Release|Any CPU.ActiveCfg = Release|Any CPU
		{A502578E-3695-4E86-9D15-35757A0290B0}.Release|Any CPU.Build.0 = Release|Any CPU
	EndGlobalSection
	GlobalSection(SolutionProperties) = preSolution
		HideSolutionNode = FALSE
	EndGlobalSection
	GlobalSection(ExtensibilityGlobals) = postSolution
		SolutionGuid = {28222104-F857-4B25-9369-FE4B9D689A21}
	EndGlobalSection
EndGlobal
